
Microsoft Visual Studio Solution File, Format Version 12.00
# Visual Studio Version 16
VisualStudioVersion = 16.0.30413.136
MinimumVisualStudioVersion = 10.0.40219.1
Project("{8BC9CEB8-8B4A-11D0-8D11-00A0C91BC942}") = "DarkNamer", "DarkNamer.vcxproj", "{D9353BDD-4920-4BD2-8851-4FB752AAA0E9}"
EndProject
Global
	GlobalSection(SolutionConfigurationPlatforms) = preSolution
		Debug|x86 = Debug|x86
		Release|x86 = Release|x86
	EndGlobalSection
	GlobalSection(ProjectConfigurationPlatforms) = postSolution
		{D9353BDD-4920-4BD2-8851-4FB752AAA0E9}.Debug|x86.ActiveCfg = Debug|Win32
		{D9353BDD-4920-4BD2-8851-4FB752AAA0E9}.Debug|x86.Build.0 = Debug|Win32
		{D9353BDD-4920-4BD2-8851-4FB752AAA0E9}.Release|x86.ActiveCfg = Release|Win32
		{D9353BDD-4920-4BD2-8851-4FB752AAA0E9}.Release|x86.Build.0 = Release|Win32
	EndGlobalSection
	GlobalSection(SolutionProperties) = preSolution
		HideSolutionNode = FALSE
	EndGlobalSection
	GlobalSection(ExtensibilityGlobals) = postSolution
		SolutionGuid = {A64114AD-5A8F-424C-8181-FE7FEAACF1C9}
	EndGlobalSection
EndGlobal
